
Microsoft Visual Studio Solution File, Format Version 12.00
# Visual Studio Version 17
VisualStudioVersion = 17.5.33627.172
MinimumVisualStudioVersion = 10.0.40219.1
Project("{8BC9CEB8-8B4A-11D0-8D11-00A0C91BC942}") = "DBMSMainWindow", "DBMSMainWindow.vcxproj", "{BABD56C2-D3C4-4B55-A4F4-1E18B16D1F9B}"
EndProject
Global
	GlobalSection(SolutionConfigurationPlatforms) = preSolution
		Debug|x64 = Debug|x64
		Release|x64 = Release|x64
	EndGlobalSection
	GlobalSection(ProjectConfigurationPlatforms) = postSolution
		{BABD56C2-D3C4-4B55-A4F4-1E18B16D1F9B}.Debug|x64.ActiveCfg = Debug|x64
		{BABD56C2-D3C4-4B55-A4F4-1E18B16D1F9B}.Debug|x64.Build.0 = Debug|x64
		{BABD56C2-D3C4-4B55-A4F4-1E18B16D1F9B}.Release|x64.ActiveCfg = Release|x64
		{BABD56C2-D3C4-4B55-A4F4-1E18B16D1F9B}.Release|x64.Build.0 = Release|x64
	EndGlobalSection
	GlobalSection(SolutionProperties) = preSolution
		HideSolutionNode = FALSE
	EndGlobalSection
	GlobalSection(ExtensibilityGlobals) = postSolution
		SolutionGuid = {DAFD182D-C65C-4C2A-839F-923AD85CCC07}
	EndGlobalSection
EndGlobal
